
Microsoft Visual Studio Solution File, Format Version 12.00
# Visual Studio 2013
VisualStudioVersion = 12.0.31101.0
MinimumVisualStudioVersion = 10.0.40219.1
Project("{FAE04EC0-301F-11D3-BF4B-00C04F79EFBC}") = "World Saver", "World Saver\World Saver.csproj", "{6934B85B-6C92-421D-9DD3-5E717EEA2DF8}"
EndProject
Project("{FAE04EC0-301F-11D3-BF4B-00C04F79EFBC}") = "Demo", "Demo\Demo.csproj", "{E19E7F85-EAEC-43CD-A343-723ABFDE0315}"
EndProject
Global
	GlobalSection(SolutionConfigurationPlatforms) = preSolution
		Debug|Any CPU = Debug|Any CPU
		Release|Any CPU = Release|Any CPU
	EndGlobalSection
	GlobalSection(ProjectConfigurationPlatforms) = postSolution
		{6934B85B-6C92-421D-9DD3-5E717EEA2DF8}.Debug|Any CPU.ActiveCfg = Debug|Any CPU
		{6934B85B-6C92-421D-9DD3-5E717EEA2DF8}.Debug|Any CPU.Build.0 = Debug|Any CPU
		{6934B85B-6C92-421D-9DD3-5E717EEA2DF8}.Release|Any CPU.ActiveCfg = Release|Any CPU
		{6934B85B-6C92-421D-9DD3-5E717EEA2DF8}.Release|Any CPU.Build.0 = Release|Any CPU
		{E19E7F85-EAEC-43CD-A343-723ABFDE0315}.Debug|Any CPU.ActiveCfg = Debug|Any CPU
		{E19E7F85-EAEC-43CD-A343-723ABFDE0315}.Debug|Any CPU.Build.0 = Debug|Any CPU
		{E19E7F85-EAEC-43CD-A343-723ABFDE0315}.Release|Any CPU.ActiveCfg = Release|Any CPU
		{E19E7F85-EAEC-43CD-A343-723ABFDE0315}.Release|Any CPU.Build.0 = Release|Any CPU
	EndGlobalSection
	GlobalSection(SolutionProperties) = preSolution
		HideSolutionNode = FALSE
	EndGlobalSection
EndGlobal
